
Microsoft Visual Studio Solution File, Format Version 12.00
# Visual Studio Version 17
VisualStudioVersion = 17.2.32630.192
MinimumVisualStudioVersion = 10.0.40219.1
Project("{9A19103F-16F7-4668-BE54-9A1E7A4F7556}") = "ToDoAPI.API", "ToDoAPI\ToDoAPI.API.csproj", "{768E4D53-4D84-4805-8890-EEBAD438D0EE}"
EndProject
Project("{9A19103F-16F7-4668-BE54-9A1E7A4F7556}") = "ToDoAPI.Test", "ToDoAPI.Test\ToDoAPI.Test.csproj", "{ED4A64A2-8636-4FF0-8AB1-8057A2D50A55}"
EndProject
Project("{FAE04EC0-301F-11D3-BF4B-00C04F79EFBC}") = "TodoAPI.Service", "TodoAPI.Service\TodoAPI.Service.csproj", "{7067DE0A-5D43-4D18-B9E7-2D29F656B379}"
EndProject
Project("{FAE04EC0-301F-11D3-BF4B-00C04F79EFBC}") = "TodoAPI.Domain", "TodoAPI.Domain\TodoAPI.Domain.csproj", "{C20751AC-8526-4F3D-AA8D-FBF538248441}"
EndProject
Global
	GlobalSection(SolutionConfigurationPlatforms) = preSolution
		Debug|Any CPU = Debug|Any CPU
		Release|Any CPU = Release|Any CPU
	EndGlobalSection
	GlobalSection(ProjectConfigurationPlatforms) = postSolution
		{768E4D53-4D84-4805-8890-EEBAD438D0EE}.Debug|Any CPU.ActiveCfg = Debug|Any CPU
		{768E4D53-4D84-4805-8890-EEBAD438D0EE}.Debug|Any CPU.Build.0 = Debug|Any CPU
		{768E4D53-4D84-4805-8890-EEBAD438D0EE}.Release|Any CPU.ActiveCfg = Release|Any CPU
		{768E4D53-4D84-4805-8890-EEBAD438D0EE}.Release|Any CPU.Build.0 = Release|Any CPU
		{ED4A64A2-8636-4FF0-8AB1-8057A2D50A55}.Debug|Any CPU.ActiveCfg = Debug|Any CPU
		{ED4A64A2-8636-4FF0-8AB1-8057A2D50A55}.Debug|Any CPU.Build.0 = Debug|Any CPU
		{ED4A64A2-8636-4FF0-8AB1-8057A2D50A55}.Release|Any CPU.ActiveCfg = Release|Any CPU
		{ED4A64A2-8636-4FF0-8AB1-8057A2D50A55}.Release|Any CPU.Build.0 = Release|Any CPU
		{7067DE0A-5D43-4D18-B9E7-2D29F656B379}.Debug|Any CPU.ActiveCfg = Debug|Any CPU
		{7067DE0A-5D43-4D18-B9E7-2D29F656B379}.Debug|Any CPU.Build.0 = Debug|Any CPU
		{7067DE0A-5D43-4D18-B9E7-2D29F656B379}.Release|Any CPU.ActiveCfg = Release|Any CPU
		{7067DE0A-5D43-4D18-B9E7-2D29F656B379}.Release|Any CPU.Build.0 = Release|Any CPU
		{C20751AC-8526-4F3D-AA8D-FBF538248441}.Debug|Any CPU.ActiveCfg = Debug|Any CPU
		{C20751AC-8526-4F3D-AA8D-FBF538248441}.Debug|Any CPU.Build.0 = Debug|Any CPU
		{C20751AC-8526-4F3D-AA8D-FBF538248441}.Release|Any CPU.ActiveCfg = Release|Any CPU
		{C20751AC-8526-4F3D-AA8D-FBF538248441}.Release|Any CPU.Build.0 = Release|Any CPU
	EndGlobalSection
	GlobalSection(SolutionProperties) = preSolution
		HideSolutionNode = FALSE
	EndGlobalSection
	GlobalSection(ExtensibilityGlobals) = postSolution
		SolutionGuid = {F21DD381-BC45-4E04-B27C-4B6C833585A0}
	EndGlobalSection
EndGlobal
